<?xml version="1.0" encoding="utf-8"?>
<Project ToolsVersion="4.0" xmlns="http://schemas.microsoft.com/developer/msbuild/2003">
  <ItemGroup>
    <Filter Include="源文件">
      <UniqueIdentifier>{4FC737F1-C7A5-4376-A066-2A32D752A2FF}</UniqueIdentifier>
      <Extensions>cpp;c;cc;cxx;def;odl;idl;hpj;bat;asm;asmx</Extensions>
    </Filter>
    <Filter Include="头文件">
      <UniqueIdentifier>{93995380-89BD-4b04-88EB-625FBE52EBFB}</UniqueIdentifier>
      <Extensions>h;hpp;hxx;hm;inl;inc;xsd</Extensions>
    </Filter>
    <Filter Include="资源文件">
      <UniqueIdentifier>{67DA6AB6-F800-4c08-8B7A-83BB121AAD01}</UniqueIdentifier>
      <Extensions>rc;ico;cur;bmp;dlg;rc2;rct;bin;rgs;gif;jpg;jpeg;jpe;resx;tiff;tif;png;wav;mfcribbon-ms</Extensions>
    </Filter>
    <Filter Include="src">
      <UniqueIdentifier>{db773400-13ea-44b2-82ec-85e02834e62e}</UniqueIdentifier>
    </Filter>
  </ItemGroup>
  <ItemGroup>
    <ClInclude Include="src\common.h">
      <Filter>src</Filter>
    </ClInclude>
    <ClInclude Include="src\deals_processor.h">
      <Filter>src</Filter>
    </ClInclude>
    <ClInclude Include="src\processor_base.h">
      <Filter>src</Filter>
    </ClInclude>
    <ClInclude Include="src\project_server.h">
      <Filter>src</Filter>
    </ClInclude>
    <ClInclude Include="src\protocal.h">
      <Filter>src</Filter>
    </ClInclude>
    <ClInclude Include="src\query_processor.h">
      <Filter>src</Filter>
    </ClInclude>
    <ClInclude Include="src\version.h">
      <Filter>src</Filter>
    </ClInclude>
    <ClInclude Include="src\wait.h">
      <Filter>src</Filter>
    </ClInclude>
    <ClInclude Include="src\http_processor.h">
      <Filter>src</Filter>
    </ClInclude>
    <ClInclude Include="src\http_deal.h">
      <Filter>src</Filter>
    </ClInclude>
    <ClInclude Include="src\sqlmake.h">
      <Filter>src</Filter>
    </ClInclude>
    <ClInclude Include="src\product_business_deal.h">
      <Filter>src</Filter>
    </ClInclude>
    <ClInclude Include="src\errordef.h">
      <Filter>src</Filter>
    </ClInclude>
    <ClInclude Include="src\http_unit.h">
      <Filter>src</Filter>
    </ClInclude>
  </ItemGroup>
  <ItemGroup>
    <ClCompile Include="src\deals_processor.cpp">
      <Filter>src</Filter>
    </ClCompile>
    <ClCompile Include="src\main.cpp">
      <Filter>src</Filter>
    </ClCompile>
    <ClCompile Include="src\project_server.cpp">
      <Filter>src</Filter>
    </ClCompile>
    <ClCompile Include="src\query_processor.cpp">
      <Filter>src</Filter>
    </ClCompile>
    <ClCompile Include="src\http_processor.cpp">
      <Filter>src</Filter>
    </ClCompile>
    <ClCompile Include="src\http_deal.cpp">
      <Filter>src</Filter>
    </ClCompile>
    <ClCompile Include="src\sqlmake.cpp">
      <Filter>src</Filter>
    </ClCompile>
    <ClCompile Include="src\product_business_deal.cpp">
      <Filter>src</Filter>
    </ClCompile>
    <ClCompile Include="src\errordef.cpp">
      <Filter>src</Filter>
    </ClCompile>
    <ClCompile Include="src\http_unit.cpp">
      <Filter>src</Filter>
    </ClCompile>
  </ItemGroup>
  <ItemGroup>
    <Text Include="src\readme.txt">
      <Filter>src</Filter>
    </Text>
  </ItemGroup>
  <ItemGroup>
    <Xml Include="..\..\bin\Debug\config\alpha_config.xml">
      <Filter>资源文件</Filter>
    </Xml>
  </ItemGroup>
</Project>