<?xml version="1.0" encoding="utf-8"?>
<Project ToolsVersion="4.0" xmlns="http://schemas.microsoft.com/developer/msbuild/2003">
  <ItemGroup>
    <Filter Include="源文件">
      <UniqueIdentifier>{4FC737F1-C7A5-4376-A066-2A32D752A2FF}</UniqueIdentifier>
      <Extensions>cpp;c;cc;cxx;def;odl;idl;hpj;bat;asm;asmx</Extensions>
    </Filter>
    <Filter Include="头文件">
      <UniqueIdentifier>{93995380-89BD-4b04-88EB-625FBE52EBFB}</UniqueIdentifier>
      <Extensions>h;hh;hpp;hxx;hm;inl;inc;xsd</Extensions>
    </Filter>
    <Filter Include="资源文件">
      <UniqueIdentifier>{67DA6AB6-F800-4c08-8B7A-83BB121AAD01}</UniqueIdentifier>
      <Extensions>rc;ico;cur;bmp;dlg;rc2;rct;bin;rgs;gif;jpg;jpeg;jpe;resx;tiff;tif;png;wav;mfcribbon-ms</Extensions>
    </Filter>
    <Filter Include="src">
      <UniqueIdentifier>{a8321486-ea68-42c0-a1d6-004e2d4de858}</UniqueIdentifier>
    </Filter>
    <Filter Include="proto">
      <UniqueIdentifier>{684b023d-fd92-4fa2-b1a0-48eee4b45a12}</UniqueIdentifier>
    </Filter>
  </ItemGroup>
  <ItemGroup>
    <ClCompile Include="src\main.cpp">
      <Filter>src</Filter>
    </ClCompile>
    <ClCompile Include="src\client.cpp">
      <Filter>src</Filter>
    </ClCompile>
    <ClCompile Include="src\event.cpp">
      <Filter>src</Filter>
    </ClCompile>
    <ClCompile Include="proto\manager_protocal.pb.cc">
      <Filter>proto</Filter>
    </ClCompile>
    <ClCompile Include="proto\monitor_protocal.pb.cc">
      <Filter>proto</Filter>
    </ClCompile>
    <ClCompile Include="proto\quote_protocal.pb.cc">
      <Filter>proto</Filter>
    </ClCompile>
    <ClCompile Include="proto\riskapi_action_protocal.pb.cc">
      <Filter>proto</Filter>
    </ClCompile>
    <ClCompile Include="proto\riskapi_data_protocal.pb.cc">
      <Filter>proto</Filter>
    </ClCompile>
    <ClCompile Include="proto\system_protocal.pb.cc">
      <Filter>proto</Filter>
    </ClCompile>
    <ClCompile Include="proto\trade_protocal.pb.cc">
      <Filter>proto</Filter>
    </ClCompile>
    <ClCompile Include="proto\trial_protocal.pb.cc">
      <Filter>proto</Filter>
    </ClCompile>
  </ItemGroup>
  <ItemGroup>
    <ClInclude Include="src\client.h">
      <Filter>src</Filter>
    </ClInclude>
    <ClInclude Include="src\event.h">
      <Filter>src</Filter>
    </ClInclude>
    <ClInclude Include="src\msgtype_def.h">
      <Filter>src</Filter>
    </ClInclude>
    <ClInclude Include="proto\manager_protocal.pb.h">
      <Filter>proto</Filter>
    </ClInclude>
    <ClInclude Include="proto\monitor_protocal.pb.h">
      <Filter>proto</Filter>
    </ClInclude>
    <ClInclude Include="proto\quote_protocal.pb.h">
      <Filter>proto</Filter>
    </ClInclude>
    <ClInclude Include="proto\riskapi_action_protocal.pb.h">
      <Filter>proto</Filter>
    </ClInclude>
    <ClInclude Include="proto\riskapi_data_protocal.pb.h">
      <Filter>proto</Filter>
    </ClInclude>
    <ClInclude Include="proto\system_protocal.pb.h">
      <Filter>proto</Filter>
    </ClInclude>
    <ClInclude Include="proto\trade_protocal.pb.h">
      <Filter>proto</Filter>
    </ClInclude>
    <ClInclude Include="proto\trial_protocal.pb.h">
      <Filter>proto</Filter>
    </ClInclude>
  </ItemGroup>
  <ItemGroup>
    <None Include="proto\db_server_protocal.proto">
      <Filter>proto</Filter>
    </None>
    <None Include="proto\manager_protocal.proto">
      <Filter>proto</Filter>
    </None>
    <None Include="proto\monitor_protocal.proto">
      <Filter>proto</Filter>
    </None>
    <None Include="proto\quote_protocal.proto">
      <Filter>proto</Filter>
    </None>
    <None Include="proto\riskapi_action_protocal.proto">
      <Filter>proto</Filter>
    </None>
    <None Include="proto\riskapi_data_protocal.proto">
      <Filter>proto</Filter>
    </None>
    <None Include="proto\system_protocal.proto">
      <Filter>proto</Filter>
    </None>
    <None Include="proto\trade_protocal.proto">
      <Filter>proto</Filter>
    </None>
    <None Include="proto\trial_protocal.proto">
      <Filter>proto</Filter>
    </None>
    <None Include="proto\proto.bat">
      <Filter>proto</Filter>
    </None>
  </ItemGroup>
</Project>